
Microsoft Visual Studio Solution File, Format Version 12.00
Project("{FAE04EC0-301F-11D3-BF4B-00C04F79EFBC}") = "Zephyrion Engine", "Zephyrion Engine\Zephyrion Engine.csproj", "{64C4606A-EE72-4588-9DFF-DCF515098392}"
EndProject
Project("{FAE04EC0-301F-11D3-BF4B-00C04F79EFBC}") = "Example Project", "Example Project\Example Project.csproj", "{9638D1BF-850C-4910-A771-E548F50A12DB}"
EndProject
Project("{FAE04EC0-301F-11D3-BF4B-00C04F79EFBC}") = "Level Editor", "Level Editor\Level Editor.csproj", "{69D2B180-6CEE-445B-9EED-59C654148791}"
EndProject
Global
	GlobalSection(SolutionConfigurationPlatforms) = preSolution
		Debug|Any CPU = Debug|Any CPU
		Release|Any CPU = Release|Any CPU
	EndGlobalSection
	GlobalSection(ProjectConfigurationPlatforms) = postSolution
		{64C4606A-EE72-4588-9DFF-DCF515098392}.Debug|Any CPU.ActiveCfg = Debug|Any CPU
		{64C4606A-EE72-4588-9DFF-DCF515098392}.Debug|Any CPU.Build.0 = Debug|Any CPU
		{64C4606A-EE72-4588-9DFF-DCF515098392}.Release|Any CPU.ActiveCfg = Release|Any CPU
		{64C4606A-EE72-4588-9DFF-DCF515098392}.Release|Any CPU.Build.0 = Release|Any CPU
		{9638D1BF-850C-4910-A771-E548F50A12DB}.Debug|Any CPU.ActiveCfg = Debug|Any CPU
		{9638D1BF-850C-4910-A771-E548F50A12DB}.Debug|Any CPU.Build.0 = Debug|Any CPU
		{9638D1BF-850C-4910-A771-E548F50A12DB}.Release|Any CPU.ActiveCfg = Release|Any CPU
		{9638D1BF-850C-4910-A771-E548F50A12DB}.Release|Any CPU.Build.0 = Release|Any CPU
		{69D2B180-6CEE-445B-9EED-59C654148791}.Debug|Any CPU.ActiveCfg = Debug|Any CPU
		{69D2B180-6CEE-445B-9EED-59C654148791}.Debug|Any CPU.Build.0 = Debug|Any CPU
		{69D2B180-6CEE-445B-9EED-59C654148791}.Release|Any CPU.ActiveCfg = Release|Any CPU
		{69D2B180-6CEE-445B-9EED-59C654148791}.Release|Any CPU.Build.0 = Release|Any CPU
	EndGlobalSection
EndGlobal
